
Microsoft Visual Studio Solution File, Format Version 12.00
# Visual Studio 15
VisualStudioVersion = 15.0.26124.0
MinimumVisualStudioVersion = 15.0.26124.0
Project("{2150E333-8FDC-42A3-9474-1A3956D46DE8}") = "lib", "lib", "{192ACA95-2A59-4FC4-875B-BE60B2F0C96E}"
EndProject
Project("{FAE04EC0-301F-11D3-BF4B-00C04F79EFBC}") = "common", "lib\common\common.csproj", "{EF17639F-946B-472F-AC63-4C9E0BFACCAF}"
EndProject
Project("{FAE04EC0-301F-11D3-BF4B-00C04F79EFBC}") = "cli", "cli\cli.csproj", "{51A4FFE6-D076-44C5-8790-B9DBC24615AE}"
EndProject
Project("{FAE04EC0-301F-11D3-BF4B-00C04F79EFBC}") = "command_runner", "lib\command_runner\command_runner.csproj", "{89E9135D-ABCD-4E89-BF13-A5A26FBAFEE1}"
EndProject
Project("{2150E333-8FDC-42A3-9474-1A3956D46DE8}") = "src", "src", "{B1C8122F-4AFD-47F7-8EEF-E514CA0E8F83}"
EndProject
Project("{FAE04EC0-301F-11D3-BF4B-00C04F79EFBC}") = "application", "src\application\application.csproj", "{AEB1BDEF-A16F-4409-9799-5D4C047B5E17}"
EndProject
Project("{FAE04EC0-301F-11D3-BF4B-00C04F79EFBC}") = "domain", "src\domain\domain.csproj", "{959AC8D3-6F11-4D44-B2B5-D71549D08D0E}"
EndProject
Project("{FAE04EC0-301F-11D3-BF4B-00C04F79EFBC}") = "root", "src\root\root.csproj", "{0CA5AB1B-4327-41DA-B3C7-969192CDA9E1}"
EndProject
Project("{FAE04EC0-301F-11D3-BF4B-00C04F79EFBC}") = "infrastructure", "src\infrastructure\infrastructure.csproj", "{571A331D-9752-4517-ACEC-57DFAF9A9BF6}"
EndProject
Global
	GlobalSection(SolutionConfigurationPlatforms) = preSolution
		Debug|Any CPU = Debug|Any CPU
		Debug|x64 = Debug|x64
		Debug|x86 = Debug|x86
		Release|Any CPU = Release|Any CPU
		Release|x64 = Release|x64
		Release|x86 = Release|x86
	EndGlobalSection
	GlobalSection(SolutionProperties) = preSolution
		HideSolutionNode = FALSE
	EndGlobalSection
	GlobalSection(ProjectConfigurationPlatforms) = postSolution
		{EF17639F-946B-472F-AC63-4C9E0BFACCAF}.Debug|Any CPU.ActiveCfg = Debug|Any CPU
		{EF17639F-946B-472F-AC63-4C9E0BFACCAF}.Debug|Any CPU.Build.0 = Debug|Any CPU
		{EF17639F-946B-472F-AC63-4C9E0BFACCAF}.Debug|x64.ActiveCfg = Debug|Any CPU
		{EF17639F-946B-472F-AC63-4C9E0BFACCAF}.Debug|x64.Build.0 = Debug|Any CPU
		{EF17639F-946B-472F-AC63-4C9E0BFACCAF}.Debug|x86.ActiveCfg = Debug|Any CPU
		{EF17639F-946B-472F-AC63-4C9E0BFACCAF}.Debug|x86.Build.0 = Debug|Any CPU
		{EF17639F-946B-472F-AC63-4C9E0BFACCAF}.Release|Any CPU.ActiveCfg = Release|Any CPU
		{EF17639F-946B-472F-AC63-4C9E0BFACCAF}.Release|Any CPU.Build.0 = Release|Any CPU
		{EF17639F-946B-472F-AC63-4C9E0BFACCAF}.Release|x64.ActiveCfg = Release|Any CPU
		{EF17639F-946B-472F-AC63-4C9E0BFACCAF}.Release|x64.Build.0 = Release|Any CPU
		{EF17639F-946B-472F-AC63-4C9E0BFACCAF}.Release|x86.ActiveCfg = Release|Any CPU
		{EF17639F-946B-472F-AC63-4C9E0BFACCAF}.Release|x86.Build.0 = Release|Any CPU
		{51A4FFE6-D076-44C5-8790-B9DBC24615AE}.Debug|Any CPU.ActiveCfg = Debug|Any CPU
		{51A4FFE6-D076-44C5-8790-B9DBC24615AE}.Debug|Any CPU.Build.0 = Debug|Any CPU
		{51A4FFE6-D076-44C5-8790-B9DBC24615AE}.Debug|x64.ActiveCfg = Debug|Any CPU
		{51A4FFE6-D076-44C5-8790-B9DBC24615AE}.Debug|x64.Build.0 = Debug|Any CPU
		{51A4FFE6-D076-44C5-8790-B9DBC24615AE}.Debug|x86.ActiveCfg = Debug|Any CPU
		{51A4FFE6-D076-44C5-8790-B9DBC24615AE}.Debug|x86.Build.0 = Debug|Any CPU
		{51A4FFE6-D076-44C5-8790-B9DBC24615AE}.Release|Any CPU.ActiveCfg = Release|Any CPU
		{51A4FFE6-D076-44C5-8790-B9DBC24615AE}.Release|Any CPU.Build.0 = Release|Any CPU
		{51A4FFE6-D076-44C5-8790-B9DBC24615AE}.Release|x64.ActiveCfg = Release|Any CPU
		{51A4FFE6-D076-44C5-8790-B9DBC24615AE}.Release|x64.Build.0 = Release|Any CPU
		{51A4FFE6-D076-44C5-8790-B9DBC24615AE}.Release|x86.ActiveCfg = Release|Any CPU
		{51A4FFE6-D076-44C5-8790-B9DBC24615AE}.Release|x86.Build.0 = Release|Any CPU
		{89E9135D-ABCD-4E89-BF13-A5A26FBAFEE1}.Debug|Any CPU.ActiveCfg = Debug|Any CPU
		{89E9135D-ABCD-4E89-BF13-A5A26FBAFEE1}.Debug|Any CPU.Build.0 = Debug|Any CPU
		{89E9135D-ABCD-4E89-BF13-A5A26FBAFEE1}.Debug|x64.ActiveCfg = Debug|Any CPU
		{89E9135D-ABCD-4E89-BF13-A5A26FBAFEE1}.Debug|x64.Build.0 = Debug|Any CPU
		{89E9135D-ABCD-4E89-BF13-A5A26FBAFEE1}.Debug|x86.ActiveCfg = Debug|Any CPU
		{89E9135D-ABCD-4E89-BF13-A5A26FBAFEE1}.Debug|x86.Build.0 = Debug|Any CPU
		{89E9135D-ABCD-4E89-BF13-A5A26FBAFEE1}.Release|Any CPU.ActiveCfg = Release|Any CPU
		{89E9135D-ABCD-4E89-BF13-A5A26FBAFEE1}.Release|Any CPU.Build.0 = Release|Any CPU
		{89E9135D-ABCD-4E89-BF13-A5A26FBAFEE1}.Release|x64.ActiveCfg = Release|Any CPU
		{89E9135D-ABCD-4E89-BF13-A5A26FBAFEE1}.Release|x64.Build.0 = Release|Any CPU
		{89E9135D-ABCD-4E89-BF13-A5A26FBAFEE1}.Release|x86.ActiveCfg = Release|Any CPU
		{89E9135D-ABCD-4E89-BF13-A5A26FBAFEE1}.Release|x86.Build.0 = Release|Any CPU
		{AEB1BDEF-A16F-4409-9799-5D4C047B5E17}.Debug|Any CPU.ActiveCfg = Debug|Any CPU
		{AEB1BDEF-A16F-4409-9799-5D4C047B5E17}.Debug|Any CPU.Build.0 = Debug|Any CPU
		{AEB1BDEF-A16F-4409-9799-5D4C047B5E17}.Debug|x64.ActiveCfg = Debug|Any CPU
		{AEB1BDEF-A16F-4409-9799-5D4C047B5E17}.Debug|x64.Build.0 = Debug|Any CPU
		{AEB1BDEF-A16F-4409-9799-5D4C047B5E17}.Debug|x86.ActiveCfg = Debug|Any CPU
		{AEB1BDEF-A16F-4409-9799-5D4C047B5E17}.Debug|x86.Build.0 = Debug|Any CPU
		{AEB1BDEF-A16F-4409-9799-5D4C047B5E17}.Release|Any CPU.ActiveCfg = Release|Any CPU
		{AEB1BDEF-A16F-4409-9799-5D4C047B5E17}.Release|Any CPU.Build.0 = Release|Any CPU
		{AEB1BDEF-A16F-4409-9799-5D4C047B5E17}.Release|x64.ActiveCfg = Release|Any CPU
		{AEB1BDEF-A16F-4409-9799-5D4C047B5E17}.Release|x64.Build.0 = Release|Any CPU
		{AEB1BDEF-A16F-4409-9799-5D4C047B5E17}.Release|x86.ActiveCfg = Release|Any CPU
		{AEB1BDEF-A16F-4409-9799-5D4C047B5E17}.Release|x86.Build.0 = Release|Any CPU
		{959AC8D3-6F11-4D44-B2B5-D71549D08D0E}.Debug|Any CPU.ActiveCfg = Debug|Any CPU
		{959AC8D3-6F11-4D44-B2B5-D71549D08D0E}.Debug|Any CPU.Build.0 = Debug|Any CPU
		{959AC8D3-6F11-4D44-B2B5-D71549D08D0E}.Debug|x64.ActiveCfg = Debug|Any CPU
		{959AC8D3-6F11-4D44-B2B5-D71549D08D0E}.Debug|x64.Build.0 = Debug|Any CPU
		{959AC8D3-6F11-4D44-B2B5-D71549D08D0E}.Debug|x86.ActiveCfg = Debug|Any CPU
		{959AC8D3-6F11-4D44-B2B5-D71549D08D0E}.Debug|x86.Build.0 = Debug|Any CPU
		{959AC8D3-6F11-4D44-B2B5-D71549D08D0E}.Release|Any CPU.ActiveCfg = Release|Any CPU
		{959AC8D3-6F11-4D44-B2B5-D71549D08D0E}.Release|Any CPU.Build.0 = Release|Any CPU
		{959AC8D3-6F11-4D44-B2B5-D71549D08D0E}.Release|x64.ActiveCfg = Release|Any CPU
		{959AC8D3-6F11-4D44-B2B5-D71549D08D0E}.Release|x64.Build.0 = Release|Any CPU
		{959AC8D3-6F11-4D44-B2B5-D71549D08D0E}.Release|x86.ActiveCfg = Release|Any CPU
		{959AC8D3-6F11-4D44-B2B5-D71549D08D0E}.Release|x86.Build.0 = Release|Any CPU
		{0CA5AB1B-4327-41DA-B3C7-969192CDA9E1}.Debug|Any CPU.ActiveCfg = Debug|Any CPU
		{0CA5AB1B-4327-41DA-B3C7-969192CDA9E1}.Debug|Any CPU.Build.0 = Debug|Any CPU
		{0CA5AB1B-4327-41DA-B3C7-969192CDA9E1}.Debug|x64.ActiveCfg = Debug|Any CPU
		{0CA5AB1B-4327-41DA-B3C7-969192CDA9E1}.Debug|x64.Build.0 = Debug|Any CPU
		{0CA5AB1B-4327-41DA-B3C7-969192CDA9E1}.Debug|x86.ActiveCfg = Debug|Any CPU
		{0CA5AB1B-4327-41DA-B3C7-969192CDA9E1}.Debug|x86.Build.0 = Debug|Any CPU
		{0CA5AB1B-4327-41DA-B3C7-969192CDA9E1}.Release|Any CPU.ActiveCfg = Release|Any CPU
		{0CA5AB1B-4327-41DA-B3C7-969192CDA9E1}.Release|Any CPU.Build.0 = Release|Any CPU
		{0CA5AB1B-4327-41DA-B3C7-969192CDA9E1}.Release|x64.ActiveCfg = Release|Any CPU
		{0CA5AB1B-4327-41DA-B3C7-969192CDA9E1}.Release|x64.Build.0 = Release|Any CPU
		{0CA5AB1B-4327-41DA-B3C7-969192CDA9E1}.Release|x86.ActiveCfg = Release|Any CPU
		{0CA5AB1B-4327-41DA-B3C7-969192CDA9E1}.Release|x86.Build.0 = Release|Any CPU
		{571A331D-9752-4517-ACEC-57DFAF9A9BF6}.Debug|Any CPU.ActiveCfg = Debug|Any CPU
		{571A331D-9752-4517-ACEC-57DFAF9A9BF6}.Debug|Any CPU.Build.0 = Debug|Any CPU
		{571A331D-9752-4517-ACEC-57DFAF9A9BF6}.Debug|x64.ActiveCfg = Debug|Any CPU
		{571A331D-9752-4517-ACEC-57DFAF9A9BF6}.Debug|x64.Build.0 = Debug|Any CPU
		{571A331D-9752-4517-ACEC-57DFAF9A9BF6}.Debug|x86.ActiveCfg = Debug|Any CPU
		{571A331D-9752-4517-ACEC-57DFAF9A9BF6}.Debug|x86.Build.0 = Debug|Any CPU
		{571A331D-9752-4517-ACEC-57DFAF9A9BF6}.Release|Any CPU.ActiveCfg = Release|Any CPU
		{571A331D-9752-4517-ACEC-57DFAF9A9BF6}.Release|Any CPU.Build.0 = Release|Any CPU
		{571A331D-9752-4517-ACEC-57DFAF9A9BF6}.Release|x64.ActiveCfg = Release|Any CPU
		{571A331D-9752-4517-ACEC-57DFAF9A9BF6}.Release|x64.Build.0 = Release|Any CPU
		{571A331D-9752-4517-ACEC-57DFAF9A9BF6}.Release|x86.ActiveCfg = Release|Any CPU
		{571A331D-9752-4517-ACEC-57DFAF9A9BF6}.Release|x86.Build.0 = Release|Any CPU
	EndGlobalSection
	GlobalSection(NestedProjects) = preSolution
		{EF17639F-946B-472F-AC63-4C9E0BFACCAF} = {192ACA95-2A59-4FC4-875B-BE60B2F0C96E}
		{89E9135D-ABCD-4E89-BF13-A5A26FBAFEE1} = {192ACA95-2A59-4FC4-875B-BE60B2F0C96E}
		{AEB1BDEF-A16F-4409-9799-5D4C047B5E17} = {B1C8122F-4AFD-47F7-8EEF-E514CA0E8F83}
		{959AC8D3-6F11-4D44-B2B5-D71549D08D0E} = {B1C8122F-4AFD-47F7-8EEF-E514CA0E8F83}
		{0CA5AB1B-4327-41DA-B3C7-969192CDA9E1} = {B1C8122F-4AFD-47F7-8EEF-E514CA0E8F83}
		{571A331D-9752-4517-ACEC-57DFAF9A9BF6} = {B1C8122F-4AFD-47F7-8EEF-E514CA0E8F83}
	EndGlobalSection
EndGlobal
